// !$*UTF8*$!
{
	archiveVersion = 1;
	classes = {
	};
	objectVersion = 50;
	objects = {

/* Begin PBXBuildFile section */
		510D7C1B230DC32C007AC2AD /* CategoryCell.swift in Sources */ = {isa = PBXBuildFile; fileRef = 510D7C1A230DC32C007AC2AD /* CategoryCell.swift */; };
		510D7C20230DD301007AC2AD /* RecpiesSelectionVC.swift in Sources */ = {isa = PBXBuildFile; fileRef = 510D7C1F230DD301007AC2AD /* RecpiesSelectionVC.swift */; };
		510D7C22230DD7C6007AC2AD /* RecipeCell.swift in Sources */ = {isa = PBXBuildFile; fileRef = 510D7C21230DD7C6007AC2AD /* RecipeCell.swift */; };
		510D7C24230DDD48007AC2AD /* DetailsVC.swift in Sources */ = {isa = PBXBuildFile; fileRef = 510D7C23230DDD48007AC2AD /* DetailsVC.swift */; };
		516B3660230D7B5A0004A46E /* AppDelegate.swift in Sources */ = {isa = PBXBuildFile; fileRef = 516B365F230D7B5A0004A46E /* AppDelegate.swift */; };
		516B3662230D7B5A0004A46E /* StartVC.swift in Sources */ = {isa = PBXBuildFile; fileRef = 516B3661230D7B5A0004A46E /* StartVC.swift */; };
		516B3665230D7B5A0004A46E /* Main.storyboard in Resources */ = {isa = PBXBuildFile; fileRef = 516B3663230D7B5A0004A46E /* Main.storyboard */; };
		516B366A230D7B5D0004A46E /* LaunchScreen.storyboard in Resources */ = {isa = PBXBuildFile; fileRef = 516B3668230D7B5D0004A46E /* LaunchScreen.storyboard */; };
		51E70B87230D92C9001548A1 /* Assets.xcassets in Resources */ = {isa = PBXBuildFile; fileRef = 51E70B86230D92C9001548A1 /* Assets.xcassets */; };
		51E70B8C230DB6C8001548A1 /* HomeVC.swift in Sources */ = {isa = PBXBuildFile; fileRef = 51E70B8B230DB6C8001548A1 /* HomeVC.swift */; };
		51E70B8E230DB74C001548A1 /* FoodCategory.swift in Sources */ = {isa = PBXBuildFile; fileRef = 51E70B8D230DB74C001548A1 /* FoodCategory.swift */; };
		51E70B90230DB7B9001548A1 /* Recipe.swift in Sources */ = {isa = PBXBuildFile; fileRef = 51E70B8F230DB7B9001548A1 /* Recipe.swift */; };
		51E70B92230DB824001548A1 /* DataSet.swift in Sources */ = {isa = PBXBuildFile; fileRef = 51E70B91230DB824001548A1 /* DataSet.swift */; };
/* End PBXBuildFile section */

/* Begin PBXFileReference section */
		510D7C1A230DC32C007AC2AD /* CategoryCell.swift */ = {isa = PBXFileReference; lastKnownFileType = sourcecode.swift; path = CategoryCell.swift; sourceTree = "<group>"; };
		510D7C1F230DD301007AC2AD /* RecpiesSelectionVC.swift */ = {isa = PBXFileReference; lastKnownFileType = sourcecode.swift; path = RecpiesSelectionVC.swift; sourceTree = "<group>"; };
		510D7C21230DD7C6007AC2AD /* RecipeCell.swift */ = {isa = PBXFileReference; lastKnownFileType = sourcecode.swift; path = RecipeCell.swift; sourceTree = "<group>"; };
		510D7C23230DDD48007AC2AD /* DetailsVC.swift */ = {isa = PBXFileReference; lastKnownFileType = sourcecode.swift; path = DetailsVC.swift; sourceTree = "<group>"; };
		516B365C230D7B5A0004A46E /* GoodEatins-V2.app */ = {isa = PBXFileReference; explicitFileType = wrapper.application; includeInIndex = 0; path = "GoodEatins-V2.app"; sourceTree = BUILT_PRODUCTS_DIR; };
		516B365F230D7B5A0004A46E /* AppDelegate.swift */ = {isa = PBXFileReference; lastKnownFileType = sourcecode.swift; path = AppDelegate.swift; sourceTree = "<group>"; };
		516B3661230D7B5A0004A46E /* StartVC.swift */ = {isa = PBXFileReference; lastKnownFileType = sourcecode.swift; path = StartVC.swift; sourceTree = "<group>"; };
		516B3664230D7B5A0004A46E /* Base */ = {isa = PBXFileReference; lastKnownFileType = file.storyboard; name = Base; path = Base.lproj/Main.storyboard; sourceTree = "<group>"; };
		516B3669230D7B5D0004A46E /* Base */ = {isa = PBXFileReference; lastKnownFileType = file.storyboard; name = Base; path = Base.lproj/LaunchScreen.storyboard; sourceTree = "<group>"; };
		516B366B230D7B5D0004A46E /* Info.plist */ = {isa = PBXFileReference; lastKnownFileType = text.plist.xml; path = Info.plist; sourceTree = "<group>"; };
		51E70B86230D92C9001548A1 /* Assets.xcassets */ = {isa = PBXFileReference; lastKnownFileType = folder.assetcatalog; path = Assets.xcassets; sourceTree = "<group>"; };
		51E70B8B230DB6C8001548A1 /* HomeVC.swift */ = {isa = PBXFileReference; lastKnownFileType = sourcecode.swift; path = HomeVC.swift; sourceTree = "<group>"; };
		51E70B8D230DB74C001548A1 /* FoodCategory.swift */ = {isa = PBXFileReference; lastKnownFileType = sourcecode.swift; path = FoodCategory.swift; sourceTree = "<group>"; };
		51E70B8F230DB7B9001548A1 /* Recipe.swift */ = {isa = PBXFileReference; lastKnownFileType = sourcecode.swift; path = Recipe.swift; sourceTree = "<group>"; };
		51E70B91230DB824001548A1 /* DataSet.swift */ = {isa = PBXFileReference; lastKnownFileType = sourcecode.swift; path = DataSet.swift; sourceTree = "<group>"; };
/* End PBXFileReference section */

/* Begin PBXFrameworksBuildPhase section */
		516B3659230D7B5A0004A46E /* Frameworks */ = {
			isa = PBXFrameworksBuildPhase;
			buildActionMask = 2147483647;
			files = (
			);
			runOnlyForDeploymentPostprocessing = 0;
		};
/* End PBXFrameworksBuildPhase section */

/* Begin PBXGroup section */
		5119C20E230EBAE800800E82 /* SupportedFiles */ = {
			isa = PBXGroup;
			children = (
				516B365F230D7B5A0004A46E /* AppDelegate.swift */,
				516B3668230D7B5D0004A46E /* LaunchScreen.storyboard */,
				516B366B230D7B5D0004A46E /* Info.plist */,
			);
			path = SupportedFiles;
			sourceTree = "<group>";
		};
		516B3653230D7B5A0004A46E = {
			isa = PBXGroup;
			children = (
				516B365E230D7B5A0004A46E /* GoodEatins-V2 */,
				516B365D230D7B5A0004A46E /* Products */,
			);
			sourceTree = "<group>";
		};
		516B365D230D7B5A0004A46E /* Products */ = {
			isa = PBXGroup;
			children = (
				516B365C230D7B5A0004A46E /* GoodEatins-V2.app */,
			);
			name = Products;
			sourceTree = "<group>";
		};
		516B365E230D7B5A0004A46E /* GoodEatins-V2 */ = {
			isa = PBXGroup;
			children = (
				5119C20E230EBAE800800E82 /* SupportedFiles */,
				51E70B8A230DB695001548A1 /* Model */,
				51E70B89230DB68C001548A1 /* View */,
				51E70B88230DB67D001548A1 /* Controller */,
				51E70B86230D92C9001548A1 /* Assets.xcassets */,
			);
			path = "GoodEatins-V2";
			sourceTree = "<group>";
		};
		51E70B88230DB67D001548A1 /* Controller */ = {
			isa = PBXGroup;
			children = (
				516B3661230D7B5A0004A46E /* StartVC.swift */,
				51E70B8B230DB6C8001548A1 /* HomeVC.swift */,
				510D7C1F230DD301007AC2AD /* RecpiesSelectionVC.swift */,
				510D7C23230DDD48007AC2AD /* DetailsVC.swift */,
			);
			path = Controller;
			sourceTree = "<group>";
		};
		51E70B89230DB68C001548A1 /* View */ = {
			isa = PBXGroup;
			children = (
				516B3663230D7B5A0004A46E /* Main.storyboard */,
				510D7C1A230DC32C007AC2AD /* CategoryCell.swift */,
				510D7C21230DD7C6007AC2AD /* RecipeCell.swift */,
			);
			path = View;
			sourceTree = "<group>";
		};
		51E70B8A230DB695001548A1 /* Model */ = {
			isa = PBXGroup;
			children = (
				51E70B8D230DB74C001548A1 /* FoodCategory.swift */,
				51E70B8F230DB7B9001548A1 /* Recipe.swift */,
				51E70B91230DB824001548A1 /* DataSet.swift */,
			);
			path = Model;
			sourceTree = "<group>";
		};
/* End PBXGroup section */

/* Begin PBXNativeTarget section */
		516B365B230D7B5A0004A46E /* GoodEatins-V2 */ = {
			isa = PBXNativeTarget;
			buildConfigurationList = 516B366E230D7B5D0004A46E /* Build configuration list for PBXNativeTarget "GoodEatins-V2" */;
			buildPhases = (
				516B3658230D7B5A0004A46E /* Sources */,
				516B3659230D7B5A0004A46E /* Frameworks */,
				516B365A230D7B5A0004A46E /* Resources */,
			);
			buildRules = (
			);
			dependencies = (
			);
			name = "GoodEatins-V2";
			productName = "GoodEatins-V2";
			productReference = 516B365C230D7B5A0004A46E /* GoodEatins-V2.app */;
			productType = "com.apple.product-type.application";
		};
/* End PBXNativeTarget section */

/* Begin PBXProject section */
		516B3654230D7B5A0004A46E /* Project object */ = {
			isa = PBXProject;
			attributes = {
				LastSwiftUpdateCheck = 1010;
				LastUpgradeCheck = 1010;
				ORGANIZATIONNAME = ZozShark;
				TargetAttributes = {
					516B365B230D7B5A0004A46E = {
						CreatedOnToolsVersion = 10.1;
					};
				};
			};
			buildConfigurationList = 516B3657230D7B5A0004A46E /* Build configuration list for PBXProject "GoodEatins-V2" */;
			compatibilityVersion = "Xcode 9.3";
			developmentRegion = en;
			hasScannedForEncodings = 0;
			knownRegions = (
				en,
				Base,
			);
			mainGroup = 516B3653230D7B5A0004A46E;
			productRefGroup = 516B365D230D7B5A0004A46E /* Products */;
			projectDirPath = "";
			projectRoot = "";
			targets = (
				516B365B230D7B5A0004A46E /* GoodEatins-V2 */,
			);
		};
/* End PBXProject section */

/* Begin PBXResourcesBuildPhase section */
		516B365A230D7B5A0004A46E /* Resources */ = {
			isa = PBXResourcesBuildPhase;
			buildActionMask = 2147483647;
			files = (
				516B366A230D7B5D0004A46E /* LaunchScreen.storyboard in Resources */,
				51E70B87230D92C9001548A1 /* Assets.xcassets in Resources */,
				516B3665230D7B5A0004A46E /* Main.storyboard in Resources */,
			);
			runOnlyForDeploymentPostprocessing = 0;
		};
/* End PBXResourcesBuildPhase section */

/* Begin PBXSourcesBuildPhase section */
		516B3658230D7B5A0004A46E /* Sources */ = {
			isa = PBXSourcesBuildPhase;
			buildActionMask = 2147483647;
			files = (
				51E70B92230DB824001548A1 /* DataSet.swift in Sources */,
				51E70B8C230DB6C8001548A1 /* HomeVC.swift in Sources */,
				516B3662230D7B5A0004A46E /* StartVC.swift in Sources */,
				510D7C22230DD7C6007AC2AD /* RecipeCell.swift in Sources */,
				510D7C1B230DC32C007AC2AD /* CategoryCell.swift in Sources */,
				516B3660230D7B5A0004A46E /* AppDelegate.swift in Sources */,
				510D7C20230DD301007AC2AD /* RecpiesSelectionVC.swift in Sources */,
				51E70B8E230DB74C001548A1 /* FoodCategory.swift in Sources */,
				51E70B90230DB7B9001548A1 /* Recipe.swift in Sources */,
				510D7C24230DDD48007AC2AD /* DetailsVC.swift in Sources */,
			);
			runOnlyForDeploymentPostprocessing = 0;
		};
/* End PBXSourcesBuildPhase section */

/* Begin PBXVariantGroup section */
		516B3663230D7B5A0004A46E /* Main.storyboard */ = {
			isa = PBXVariantGroup;
			children = (
				516B3664230D7B5A0004A46E /* Base */,
			);
			name = Main.storyboard;
			sourceTree = "<group>";
		};
		516B3668230D7B5D0004A46E /* LaunchScreen.storyboard */ = {
			isa = PBXVariantGroup;
			children = (
				516B3669230D7B5D0004A46E /* Base */,
			);
			name = LaunchScreen.storyboard;
			sourceTree = "<group>";
		};
/* End PBXVariantGroup section */

/* Begin XCBuildConfiguration section */
		516B366C230D7B5D0004A46E /* Debug */ = {
			isa = XCBuildConfiguration;
			buildSettings = {
				ALWAYS_SEARCH_USER_PATHS = NO;
				CLANG_ANALYZER_NONNULL = YES;
				CLANG_ANALYZER_NUMBER_OBJECT_CONVERSION = YES_AGGRESSIVE;
				CLANG_CXX_LANGUAGE_STANDARD = "gnu++14";
				CLANG_CXX_LIBRARY = "libc++";
				CLANG_ENABLE_MODULES = YES;
				CLANG_ENABLE_OBJC_ARC = YES;
				CLANG_ENABLE_OBJC_WEAK = YES;
				CLANG_WARN_BLOCK_CAPTURE_AUTORELEASING = YES;
				CLANG_WARN_BOOL_CONVERSION = YES;
				CLANG_WARN_COMMA = YES;
				CLANG_WARN_CONSTANT_CONVERSION = YES;
				CLANG_WARN_DEPRECATED_OBJC_IMPLEMENTATIONS = YES;
				CLANG_WARN_DIRECT_OBJC_ISA_USAGE = YES_ERROR;
				CLANG_WARN_DOCUMENTATION_COMMENTS = YES;
				CLANG_WARN_EMPTY_BODY = YES;
				CLANG_WARN_ENUM_CONVERSION = YES;
				CLANG_WARN_INFINITE_RECURSION = YES;
				CLANG_WARN_INT_CONVERSION = YES;
				CLANG_WARN_NON_LITERAL_NULL_CONVERSION = YES;
				CLANG_WARN_OBJC_IMPLICIT_RETAIN_SELF = YES;
				CLANG_WARN_OBJC_LITERAL_CONVERSION = YES;
				CLANG_WARN_OBJC_ROOT_CLASS = YES_ERROR;
				CLANG_WARN_RANGE_LOOP_ANALYSIS = YES;
				CLANG_WARN_STRICT_PROTOTYPES = YES;
				CLANG_WARN_SUSPICIOUS_MOVE = YES;
				CLANG_WARN_UNGUARDED_AVAILABILITY = YES_AGGRESSIVE;
				CLANG_WARN_UNREACHABLE_CODE = YES;
				CLANG_WARN__DUPLICATE_METHOD_MATCH = YES;
				CODE_SIGN_IDENTITY = "iPhone Developer";
				COPY_PHASE_STRIP = NO;
				DEBUG_INFORMATION_FORMAT = dwarf;
				ENABLE_STRICT_OBJC_MSGSEND = YES;
				ENABLE_TESTABILITY = YES;
				GCC_C_LANGUAGE_STANDARD = gnu11;
				GCC_DYNAMIC_NO_PIC = NO;
				GCC_NO_COMMON_BLOCKS = YES;
				GCC_OPTIMIZATION_LEVEL = 0;
				GCC_PREPROCESSOR_DEFINITIONS = (
					"DEBUG=1",
					"$(inherited)",
				);
				GCC_WARN_64_TO_32_BIT_CONVERSION = YES;
				GCC_WARN_ABOUT_RETURN_TYPE = YES_ERROR;
				GCC_WARN_UNDECLARED_SELECTOR = YES;
				GCC_WARN_UNINITIALIZED_AUTOS = YES_AGGRESSIVE;
				GCC_WARN_UNUSED_FUNCTION = YES;
				GCC_WARN_UNUSED_VARIABLE = YES;
				IPHONEOS_DEPLOYMENT_TARGET = 12.1;
				MTL_ENABLE_DEBUG_INFO = INCLUDE_SOURCE;
				MTL_FAST_MATH = YES;
				ONLY_ACTIVE_ARCH = YES;
				SDKROOT = iphoneos;
				SWIFT_ACTIVE_COMPILATION_CONDITIONS = DEBUG;
				SWIFT_OPTIMIZATION_LEVEL = "-Onone";
			};
			name = Debug;
		};
		516B366D230D7B5D0004A46E /* Release */ = {
			isa = XCBuildConfiguration;
			buildSettings = {
				ALWAYS_SEARCH_USER_PATHS = NO;
				CLANG_ANALYZER_NONNULL = YES;
				CLANG_ANALYZER_NUMBER_OBJECT_CONVERSION = YES_AGGRESSIVE;
				CLANG_CXX_LANGUAGE_STANDARD = "gnu++14";
				CLANG_CXX_LIBRARY = "libc++";
				CLANG_ENABLE_MODULES = YES;
				CLANG_ENABLE_OBJC_ARC = YES;
				CLANG_ENABLE_OBJC_WEAK = YES;
				CLANG_WARN_BLOCK_CAPTURE_AUTORELEASING = YES;
				CLANG_WARN_BOOL_CONVERSION = YES;
				CLANG_WARN_COMMA = YES;
				CLANG_WARN_CONSTANT_CONVERSION = YES;
				CLANG_WARN_DEPRECATED_OBJC_IMPLEMENTATIONS = YES;
				CLANG_WARN_DIRECT_OBJC_ISA_USAGE = YES_ERROR;
				CLANG_WARN_DOCUMENTATION_COMMENTS = YES;
				CLANG_WARN_EMPTY_BODY = YES;
				CLANG_WARN_ENUM_CONVERSION = YES;
				CLANG_WARN_INFINITE_RECURSION = YES;
				CLANG_WARN_INT_CONVERSION = YES;
				CLANG_WARN_NON_LITERAL_NULL_CONVERSION = YES;
				CLANG_WARN_OBJC_IMPLICIT_RETAIN_SELF = YES;
				CLANG_WARN_OBJC_LITERAL_CONVERSION = YES;
				CLANG_WARN_OBJC_ROOT_CLASS = YES_ERROR;
				CLANG_WARN_RANGE_LOOP_ANALYSIS = YES;
				CLANG_WARN_STRICT_PROTOTYPES = YES;
				CLANG_WARN_SUSPICIOUS_MOVE = YES;
				CLANG_WARN_UNGUARDED_AVAILABILITY = YES_AGGRESSIVE;
				CLANG_WARN_UNREACHABLE_CODE = YES;
				CLANG_WARN__DUPLICATE_METHOD_MATCH = YES;
				CODE_SIGN_IDENTITY = "iPhone Developer";
				COPY_PHASE_STRIP = NO;
				DEBUG_INFORMATION_FORMAT = "dwarf-with-dsym";
				ENABLE_NS_ASSERTIONS = NO;
				ENABLE_STRICT_OBJC_MSGSEND = YES;
				GCC_C_LANGUAGE_STANDARD = gnu11;
				GCC_NO_COMMON_BLOCKS = YES;
				GCC_WARN_64_TO_32_BIT_CONVERSION = YES;
				GCC_WARN_ABOUT_RETURN_TYPE = YES_ERROR;
				GCC_WARN_UNDECLARED_SELECTOR = YES;
				GCC_WARN_UNINITIALIZED_AUTOS = YES_AGGRESSIVE;
				GCC_WARN_UNUSED_FUNCTION = YES;
				GCC_WARN_UNUSED_VARIABLE = YES;
				IPHONEOS_DEPLOYMENT_TARGET = 12.1;
				MTL_ENABLE_DEBUG_INFO = NO;
				MTL_FAST_MATH = YES;
				SDKROOT = iphoneos;
				SWIFT_COMPILATION_MODE = wholemodule;
				SWIFT_OPTIMIZATION_LEVEL = "-O";
				VALIDATE_PRODUCT = YES;
			};
			name = Release;
		};
		516B366F230D7B5D0004A46E /* Debug */ = {
			isa = XCBuildConfiguration;
			buildSettings = {
				ASSETCATALOG_COMPILER_APPICON_NAME = AppIcon;
				CODE_SIGN_STYLE = Automatic;
				DEVELOPMENT_TEAM = 2M47ZX75CB;
				INFOPLIST_FILE = "$(SRCROOT)/GoodEatins-V2/SupportedFiles/Info.plist";
				LD_RUNPATH_SEARCH_PATHS = (
					"$(inherited)",
					"@executable_path/Frameworks",
				);
				PRODUCT_BUNDLE_IDENTIFIER = "com.ZozShark.GoodEatins-V2";
				PRODUCT_NAME = "$(TARGET_NAME)";
				SWIFT_VERSION = 4.2;
				TARGETED_DEVICE_FAMILY = "1,2";
			};
			name = Debug;
		};
		516B3670230D7B5D0004A46E /* Release */ = {
			isa = XCBuildConfiguration;
			buildSettings = {
				ASSETCATALOG_COMPILER_APPICON_NAME = AppIcon;
				CODE_SIGN_STYLE = Automatic;
				DEVELOPMENT_TEAM = 2M47ZX75CB;
				INFOPLIST_FILE = "$(SRCROOT)/GoodEatins-V2/SupportedFiles/Info.plist";
				LD_RUNPATH_SEARCH_PATHS = (
					"$(inherited)",
					"@executable_path/Frameworks",
				);
				PRODUCT_BUNDLE_IDENTIFIER = "com.ZozShark.GoodEatins-V2";
				PRODUCT_NAME = "$(TARGET_NAME)";
				SWIFT_VERSION = 4.2;
				TARGETED_DEVICE_FAMILY = "1,2";
			};
			name = Release;
		};
/* End XCBuildConfiguration section */

/* Begin XCConfigurationList section */
		516B3657230D7B5A0004A46E /* Build configuration list for PBXProject "GoodEatins-V2" */ = {
			isa = XCConfigurationList;
			buildConfigurations = (
				516B366C230D7B5D0004A46E /* Debug */,
				516B366D230D7B5D0004A46E /* Release */,
			);
			defaultConfigurationIsVisible = 0;
			defaultConfigurationName = Release;
		};
		516B366E230D7B5D0004A46E /* Build configuration list for PBXNativeTarget "GoodEatins-V2" */ = {
			isa = XCConfigurationList;
			buildConfigurations = (
				516B366F230D7B5D0004A46E /* Debug */,
				516B3670230D7B5D0004A46E /* Release */,
			);
			defaultConfigurationIsVisible = 0;
			defaultConfigurationName = Release;
		};
/* End XCConfigurationList section */
	};
	rootObject = 516B3654230D7B5A0004A46E /* Project object */;
}
